
Microsoft Visual Studio Solution File, Format Version 12.00
# Visual Studio Version 17
VisualStudioVersion = 17.4.33213.308
MinimumVisualStudioVersion = 10.0.40219.1
Project("{FAE04EC0-301F-11D3-BF4B-00C04F79EFBC}") = "PictureViewer2", "PictureViewer2.csproj", "{90729F65-0A5D-4E57-9B7F-5AC0B8D698AC}"
EndProject
Global
	GlobalSection(SolutionConfigurationPlatforms) = preSolution
		Debug|Any CPU = Debug|Any CPU
		Release|Any CPU = Release|Any CPU
	EndGlobalSection
	GlobalSection(ProjectConfigurationPlatforms) = postSolution
		{90729F65-0A5D-4E57-9B7F-5AC0B8D698AC}.Debug|Any CPU.ActiveCfg = Debug|Any CPU
		{90729F65-0A5D-4E57-9B7F-5AC0B8D698AC}.Debug|Any CPU.Build.0 = Debug|Any CPU
		{90729F65-0A5D-4E57-9B7F-5AC0B8D698AC}.Release|Any CPU.ActiveCfg = Release|Any CPU
		{90729F65-0A5D-4E57-9B7F-5AC0B8D698AC}.Release|Any CPU.Build.0 = Release|Any CPU
	EndGlobalSection
	GlobalSection(SolutionProperties) = preSolution
		HideSolutionNode = FALSE
	EndGlobalSection
	GlobalSection(ExtensibilityGlobals) = postSolution
		SolutionGuid = {9068F3FC-7999-40C6-9816-95BA7BE3B3F6}
	EndGlobalSection
EndGlobal
